{
  "name": "jrfe-components",
  "version": "0.0.1",
  "lockfileVersion": 1,
  "requires": true,
  "dependencies": {
    "@stencil/core": {
      "version": "2.3.0",
      "resolved": "https://registry.npm.taobao.org/@stencil/core/download/@stencil/core-2.3.0.tgz?cache=0&sync_timestamp=1610479785582&other_urls=https%3A%2F%2Fregistry.npm.taobao.org%2F%40stencil%2Fcore%2Fdownload%2F%40stencil%2Fcore-2.3.0.tgz",
      "integrity": "sha1-kZDfOgBkU3cwvhVGVF4TUx1wHag="
    }
  }
}
